
Microsoft Visual Studio Solution File, Format Version 12.00
# Visual Studio Version 17
VisualStudioVersion = 17.0.31912.275
MinimumVisualStudioVersion = 10.0.40219.1
Project("{FAE04EC0-301F-11D3-BF4B-00C04F79EFBC}") = "MAPOTE_JAYVEE_IT105L_C11", "MAPOTE_JAYVEE_IT105L_C11\MAPOTE_JAYVEE_IT105L_C11.csproj", "{7D225568-4BD5-4AD0-97CD-1020311DA023}"
EndProject
Global
	GlobalSection(SolutionConfigurationPlatforms) = preSolution
		Debug|Any CPU = Debug|Any CPU
		Release|Any CPU = Release|Any CPU
	EndGlobalSection
	GlobalSection(ProjectConfigurationPlatforms) = postSolution
		{7D225568-4BD5-4AD0-97CD-1020311DA023}.Debug|Any CPU.ActiveCfg = Debug|Any CPU
		{7D225568-4BD5-4AD0-97CD-1020311DA023}.Debug|Any CPU.Build.0 = Debug|Any CPU
		{7D225568-4BD5-4AD0-97CD-1020311DA023}.Release|Any CPU.ActiveCfg = Release|Any CPU
		{7D225568-4BD5-4AD0-97CD-1020311DA023}.Release|Any CPU.Build.0 = Release|Any CPU
	EndGlobalSection
	GlobalSection(SolutionProperties) = preSolution
		HideSolutionNode = FALSE
	EndGlobalSection
	GlobalSection(ExtensibilityGlobals) = postSolution
		SolutionGuid = {4CF83A4C-BC02-4DC3-A4D8-943DEF4342B7}
	EndGlobalSection
EndGlobal
